{
  "name": "MAJOR_PROJECT",
  "lockfileVersion": 3,
  "requires": true,
  "packages": {
    "": {
      "dependencies": {
        "@tanstack/react-query": "^5.24.1"
      }
    },
    "node_modules/@tanstack/query-core": {
      "version": "5.24.1",
      "resolved": "https://registry.npmjs.org/@tanstack/query-core/-/query-core-5.24.1.tgz",
      "integrity": "sha512-DZ6Nx9p7BhjkG50ayJ+MKPgff+lMeol7QYXkvuU5jr2ryW/4ok5eanaS9W5eooA4xN0A/GPHdLGOZGzArgf5Cg==",
      "funding": {
        "type": "github",
        "url": "https://github.com/sponsors/tannerlinsley"
      }
    },
    "node_modules/@tanstack/react-query": {
      "version": "5.24.1",
      "resolved": "https://registry.npmjs.org/@tanstack/react-query/-/react-query-5.24.1.tgz",
      "integrity": "sha512-4+09JEdO4d6+Gc8Y/g2M/MuxDK5IY0QV8+2wL2304wPKJgJ54cBbULd3nciJ5uvh/as8rrxx6s0mtIwpRuGd1g==",
      "dependencies": {
        "@tanstack/query-core": "5.24.1"
      },
      "funding": {
        "type": "github",
        "url": "https://github.com/sponsors/tannerlinsley"
      },
      "peerDependencies": {
        "react": "^18.0.0"
      }
    }
  }
}
